{
  "name": "akamai_lambda",
  "version": "1.0.0",
  "lockfileVersion": 1,
  "requires": true,
  "dependencies": {
    "akamai-edgeauth": {
      "version": "0.2.0",
      "resolved": "https://registry.npmjs.org/akamai-edgeauth/-/akamai-edgeauth-0.2.0.tgz",
      "integrity": "sha512-jMJFTAjWiVyhqyjDgN3+LkFfqoD6fdMlu0YnUdI/sK50fPY7JLIozsh0u8L1Ltdjgq6xpC0fz5LI9ydLNLnnWA=="
    }
  }
}
